
Microsoft Visual Studio Solution File, Format Version 12.00
# Visual Studio Version 16
VisualStudioVersion = 16.0.31729.503
MinimumVisualStudioVersion = 10.0.40219.1
Project("{FAE04EC0-301F-11D3-BF4B-00C04F79EFBC}") = "C-SharpByeong", "C-SharpByeong\C-SharpByeong.csproj", "{BAF7E4BB-BB27-4307-A63E-75D7A30AA99B}"
EndProject
Global
	GlobalSection(SolutionConfigurationPlatforms) = preSolution
		Debug|Any CPU = Debug|Any CPU
		Release|Any CPU = Release|Any CPU
	EndGlobalSection
	GlobalSection(ProjectConfigurationPlatforms) = postSolution
		{BAF7E4BB-BB27-4307-A63E-75D7A30AA99B}.Debug|Any CPU.ActiveCfg = Debug|Any CPU
		{BAF7E4BB-BB27-4307-A63E-75D7A30AA99B}.Debug|Any CPU.Build.0 = Debug|Any CPU
		{BAF7E4BB-BB27-4307-A63E-75D7A30AA99B}.Release|Any CPU.ActiveCfg = Release|Any CPU
		{BAF7E4BB-BB27-4307-A63E-75D7A30AA99B}.Release|Any CPU.Build.0 = Release|Any CPU
	EndGlobalSection
	GlobalSection(SolutionProperties) = preSolution
		HideSolutionNode = FALSE
	EndGlobalSection
	GlobalSection(ExtensibilityGlobals) = postSolution
		SolutionGuid = {F266CCB7-9105-4492-BE95-6AF4F40B31DC}
	EndGlobalSection
EndGlobal
